
Microsoft Visual Studio Solution File, Format Version 12.00
# Visual Studio Version 17
VisualStudioVersion = 17.6.33815.320
MinimumVisualStudioVersion = 10.0.40219.1
Project("{9A19103F-16F7-4668-BE54-9A1E7A4F7556}") = "Common", "Common\Common.csproj", "{AABFFFE9-C5E2-4CC6-87FE-A8B32C7D7061}"
EndProject
Project("{9A19103F-16F7-4668-BE54-9A1E7A4F7556}") = "ChallengeExecutor", "ChallengeExecutor\ChallengeExecutor.csproj", "{BABD394E-8314-4222-AD0F-2A2908E07F2C}"
EndProject
Project("{9A19103F-16F7-4668-BE54-9A1E7A4F7556}") = "Testing", "Testing\Testing.csproj", "{FF381118-2CAD-4EE6-825E-5C131E9845BB}"
EndProject
Project("{FAE04EC0-301F-11D3-BF4B-00C04F79EFBC}") = "NumberGenerator", "NumberGenerator\NumberGenerator.csproj", "{707F702F-87F9-4315-A2DE-E45F1D1E8EDF}"
EndProject
Global
	GlobalSection(SolutionConfigurationPlatforms) = preSolution
		Debug|Any CPU = Debug|Any CPU
		Release|Any CPU = Release|Any CPU
	EndGlobalSection
	GlobalSection(ProjectConfigurationPlatforms) = postSolution
		{AABFFFE9-C5E2-4CC6-87FE-A8B32C7D7061}.Debug|Any CPU.ActiveCfg = Debug|Any CPU
		{AABFFFE9-C5E2-4CC6-87FE-A8B32C7D7061}.Debug|Any CPU.Build.0 = Debug|Any CPU
		{AABFFFE9-C5E2-4CC6-87FE-A8B32C7D7061}.Release|Any CPU.ActiveCfg = Release|Any CPU
		{AABFFFE9-C5E2-4CC6-87FE-A8B32C7D7061}.Release|Any CPU.Build.0 = Release|Any CPU
		{BABD394E-8314-4222-AD0F-2A2908E07F2C}.Debug|Any CPU.ActiveCfg = Debug|Any CPU
		{BABD394E-8314-4222-AD0F-2A2908E07F2C}.Debug|Any CPU.Build.0 = Debug|Any CPU
		{BABD394E-8314-4222-AD0F-2A2908E07F2C}.Release|Any CPU.ActiveCfg = Release|Any CPU
		{BABD394E-8314-4222-AD0F-2A2908E07F2C}.Release|Any CPU.Build.0 = Release|Any CPU
		{FF381118-2CAD-4EE6-825E-5C131E9845BB}.Debug|Any CPU.ActiveCfg = Debug|Any CPU
		{FF381118-2CAD-4EE6-825E-5C131E9845BB}.Debug|Any CPU.Build.0 = Debug|Any CPU
		{FF381118-2CAD-4EE6-825E-5C131E9845BB}.Release|Any CPU.ActiveCfg = Release|Any CPU
		{FF381118-2CAD-4EE6-825E-5C131E9845BB}.Release|Any CPU.Build.0 = Release|Any CPU
		{707F702F-87F9-4315-A2DE-E45F1D1E8EDF}.Debug|Any CPU.ActiveCfg = Debug|Any CPU
		{707F702F-87F9-4315-A2DE-E45F1D1E8EDF}.Debug|Any CPU.Build.0 = Debug|Any CPU
		{707F702F-87F9-4315-A2DE-E45F1D1E8EDF}.Release|Any CPU.ActiveCfg = Release|Any CPU
		{707F702F-87F9-4315-A2DE-E45F1D1E8EDF}.Release|Any CPU.Build.0 = Release|Any CPU
	EndGlobalSection
	GlobalSection(SolutionProperties) = preSolution
		HideSolutionNode = FALSE
	EndGlobalSection
	GlobalSection(ExtensibilityGlobals) = postSolution
		SolutionGuid = {3AA086BB-1E31-4537-B66F-11ADB3A35A72}
	EndGlobalSection
EndGlobal
